// !$*UTF8*$!
{
	archiveVersion = 1;
	classes = {
	};
	objectVersion = 46;
	objects = {

/* Begin PBXBuildFile section */
		CB13E5981E4120F30020CB32 /* AppDelegate.swift in Sources */ = {isa = PBXBuildFile; fileRef = CB13E5971E4120F30020CB32 /* AppDelegate.swift */; };
		CB13E59A1E4120F30020CB32 /* ViewController.swift in Sources */ = {isa = PBXBuildFile; fileRef = CB13E5991E4120F30020CB32 /* ViewController.swift */; };
		CB13E59D1E4120F30020CB32 /* Main.storyboard in Resources */ = {isa = PBXBuildFile; fileRef = CB13E59B1E4120F30020CB32 /* Main.storyboard */; };
		CB13E59F1E4120F30020CB32 /* Assets.xcassets in Resources */ = {isa = PBXBuildFile; fileRef = CB13E59E1E4120F30020CB32 /* Assets.xcassets */; };
		CB13E5A21E4120F30020CB32 /* LaunchScreen.storyboard in Resources */ = {isa = PBXBuildFile; fileRef = CB13E5A01E4120F30020CB32 /* LaunchScreen.storyboard */; };
/* End PBXBuildFile section */

/* Begin PBXFileReference section */
		CB13E5941E4120F30020CB32 /* Punchcard-Swift-App.app */ = {isa = PBXFileReference; explicitFileType = wrapper.application; includeInIndex = 0; path = "Punchcard-Swift-App.app"; sourceTree = BUILT_PRODUCTS_DIR; };
		CB13E5971E4120F30020CB32 /* AppDelegate.swift */ = {isa = PBXFileReference; lastKnownFileType = sourcecode.swift; path = AppDelegate.swift; sourceTree = "<group>"; };
		CB13E5991E4120F30020CB32 /* ViewController.swift */ = {isa = PBXFileReference; lastKnownFileType = sourcecode.swift; path = ViewController.swift; sourceTree = "<group>"; };
		CB13E59C1E4120F30020CB32 /* Base */ = {isa = PBXFileReference; lastKnownFileType = file.storyboard; name = Base; path = Base.lproj/Main.storyboard; sourceTree = "<group>"; };
		CB13E59E1E4120F30020CB32 /* Assets.xcassets */ = {isa = PBXFileReference; lastKnownFileType = folder.assetcatalog; path = Assets.xcassets; sourceTree = "<group>"; };
		CB13E5A11E4120F30020CB32 /* Base */ = {isa = PBXFileReference; lastKnownFileType = file.storyboard; name = Base; path = Base.lproj/LaunchScreen.storyboard; sourceTree = "<group>"; };
		CB13E5A31E4120F30020CB32 /* Info.plist */ = {isa = PBXFileReference; lastKnownFileType = text.plist.xml; path = Info.plist; sourceTree = "<group>"; };
/* End PBXFileReference section */

/* Begin PBXFrameworksBuildPhase section */
		CB13E5911E4120F30020CB32 /* Frameworks */ = {
			isa = PBXFrameworksBuildPhase;
			buildActionMask = 2147483647;
			files = (
			);
			runOnlyForDeploymentPostprocessing = 0;
		};
/* End PBXFrameworksBuildPhase section */

/* Begin PBXGroup section */
		CB13E58B1E4120F30020CB32 = {
			isa = PBXGroup;
			children = (
				CB13E5961E4120F30020CB32 /* Punchcard-Swift-App */,
				CB13E5951E4120F30020CB32 /* Products */,
			);
			sourceTree = "<group>";
		};
		CB13E5951E4120F30020CB32 /* Products */ = {
			isa = PBXGroup;
			children = (
				CB13E5941E4120F30020CB32 /* Punchcard-Swift-App.app */,
			);
			name = Products;
			sourceTree = "<group>";
		};
		CB13E5961E4120F30020CB32 /* Punchcard-Swift-App */ = {
			isa = PBXGroup;
			children = (
				CB13E59B1E4120F30020CB32 /* Main.storyboard */,
				CB13E5AA1E41210F0020CB32 /* View Controllers */,
				CB13E5A91E4121080020CB32 /* Supporting Files */,
			);
			path = "Punchcard-Swift-App";
			sourceTree = "<group>";
		};
		CB13E5A91E4121080020CB32 /* Supporting Files */ = {
			isa = PBXGroup;
			children = (
				CB13E5971E4120F30020CB32 /* AppDelegate.swift */,
				CB13E59E1E4120F30020CB32 /* Assets.xcassets */,
				CB13E5A01E4120F30020CB32 /* LaunchScreen.storyboard */,
				CB13E5A31E4120F30020CB32 /* Info.plist */,
			);
			name = "Supporting Files";
			sourceTree = "<group>";
		};
		CB13E5AA1E41210F0020CB32 /* View Controllers */ = {
			isa = PBXGroup;
			children = (
				CB13E5991E4120F30020CB32 /* ViewController.swift */,
			);
			name = "View Controllers";
			sourceTree = "<group>";
		};
/* End PBXGroup section */

/* Begin PBXNativeTarget section */
		CB13E5931E4120F30020CB32 /* Punchcard-Swift-App */ = {
			isa = PBXNativeTarget;
			buildConfigurationList = CB13E5A61E4120F30020CB32 /* Build configuration list for PBXNativeTarget "Punchcard-Swift-App" */;
			buildPhases = (
				CB13E5901E4120F30020CB32 /* Sources */,
				CB13E5911E4120F30020CB32 /* Frameworks */,
				CB13E5921E4120F30020CB32 /* Resources */,
			);
			buildRules = (
			);
			dependencies = (
			);
			name = "Punchcard-Swift-App";
			productName = "Punchcard-Swift-App";
			productReference = CB13E5941E4120F30020CB32 /* Punchcard-Swift-App.app */;
			productType = "com.apple.product-type.application";
		};
/* End PBXNativeTarget section */

/* Begin PBXProject section */
		CB13E58C1E4120F30020CB32 /* Project object */ = {
			isa = PBXProject;
			attributes = {
				LastSwiftUpdateCheck = 0820;
				LastUpgradeCheck = 0820;
				ORGANIZATIONNAME = "Super Slo Brothers";
				TargetAttributes = {
					CB13E5931E4120F30020CB32 = {
						CreatedOnToolsVersion = 8.2.1;
						DevelopmentTeam = BEJYL7ZK82;
						ProvisioningStyle = Automatic;
					};
				};
			};
			buildConfigurationList = CB13E58F1E4120F30020CB32 /* Build configuration list for PBXProject "Punchcard-Swift-App" */;
			compatibilityVersion = "Xcode 3.2";
			developmentRegion = English;
			hasScannedForEncodings = 0;
			knownRegions = (
				en,
				Base,
			);
			mainGroup = CB13E58B1E4120F30020CB32;
			productRefGroup = CB13E5951E4120F30020CB32 /* Products */;
			projectDirPath = "";
			projectRoot = "";
			targets = (
				CB13E5931E4120F30020CB32 /* Punchcard-Swift-App */,
			);
		};
/* End PBXProject section */

/* Begin PBXResourcesBuildPhase section */
		CB13E5921E4120F30020CB32 /* Resources */ = {
			isa = PBXResourcesBuildPhase;
			buildActionMask = 2147483647;
			files = (
				CB13E5A21E4120F30020CB32 /* LaunchScreen.storyboard in Resources */,
				CB13E59F1E4120F30020CB32 /* Assets.xcassets in Resources */,
				CB13E59D1E4120F30020CB32 /* Main.storyboard in Resources */,
			);
			runOnlyForDeploymentPostprocessing = 0;
		};
/* End PBXResourcesBuildPhase section */

/* Begin PBXSourcesBuildPhase section */
		CB13E5901E4120F30020CB32 /* Sources */ = {
			isa = PBXSourcesBuildPhase;
			buildActionMask = 2147483647;
			files = (
				CB13E59A1E4120F30020CB32 /* ViewController.swift in Sources */,
				CB13E5981E4120F30020CB32 /* AppDelegate.swift in Sources */,
			);
			runOnlyForDeploymentPostprocessing = 0;
		};
/* End PBXSourcesBuildPhase section */

/* Begin PBXVariantGroup section */
		CB13E59B1E4120F30020CB32 /* Main.storyboard */ = {
			isa = PBXVariantGroup;
			children = (
				CB13E59C1E4120F30020CB32 /* Base */,
			);
			name = Main.storyboard;
			sourceTree = "<group>";
		};
		CB13E5A01E4120F30020CB32 /* LaunchScreen.storyboard */ = {
			isa = PBXVariantGroup;
			children = (
				CB13E5A11E4120F30020CB32 /* Base */,
			);
			name = LaunchScreen.storyboard;
			sourceTree = "<group>";
		};
/* End PBXVariantGroup section */

/* Begin XCBuildConfiguration section */
		CB13E5A41E4120F30020CB32 /* Debug */ = {
			isa = XCBuildConfiguration;
			buildSettings = {
				ALWAYS_SEARCH_USER_PATHS = NO;
				CLANG_ANALYZER_NONNULL = YES;
				CLANG_CXX_LANGUAGE_STANDARD = "gnu++0x";
				CLANG_CXX_LIBRARY = "libc++";
				CLANG_ENABLE_MODULES = YES;
				CLANG_ENABLE_OBJC_ARC = YES;
				CLANG_WARN_BOOL_CONVERSION = YES;
				CLANG_WARN_CONSTANT_CONVERSION = YES;
				CLANG_WARN_DIRECT_OBJC_ISA_USAGE = YES_ERROR;
				CLANG_WARN_DOCUMENTATION_COMMENTS = YES;
				CLANG_WARN_EMPTY_BODY = YES;
				CLANG_WARN_ENUM_CONVERSION = YES;
				CLANG_WARN_INFINITE_RECURSION = YES;
				CLANG_WARN_INT_CONVERSION = YES;
				CLANG_WARN_OBJC_ROOT_CLASS = YES_ERROR;
				CLANG_WARN_SUSPICIOUS_MOVE = YES;
				CLANG_WARN_UNREACHABLE_CODE = YES;
				CLANG_WARN__DUPLICATE_METHOD_MATCH = YES;
				"CODE_SIGN_IDENTITY[sdk=iphoneos*]" = "iPhone Developer";
				COPY_PHASE_STRIP = NO;
				DEBUG_INFORMATION_FORMAT = dwarf;
				ENABLE_STRICT_OBJC_MSGSEND = YES;
				ENABLE_TESTABILITY = YES;
				GCC_C_LANGUAGE_STANDARD = gnu99;
				GCC_DYNAMIC_NO_PIC = NO;
				GCC_NO_COMMON_BLOCKS = YES;
				GCC_OPTIMIZATION_LEVEL = 0;
				GCC_PREPROCESSOR_DEFINITIONS = (
					"DEBUG=1",
					"$(inherited)",
				);
				GCC_WARN_64_TO_32_BIT_CONVERSION = YES;
				GCC_WARN_ABOUT_RETURN_TYPE = YES_ERROR;
				GCC_WARN_UNDECLARED_SELECTOR = YES;
				GCC_WARN_UNINITIALIZED_AUTOS = YES_AGGRESSIVE;
				GCC_WARN_UNUSED_FUNCTION = YES;
				GCC_WARN_UNUSED_VARIABLE = YES;
				IPHONEOS_DEPLOYMENT_TARGET = 10.2;
				MTL_ENABLE_DEBUG_INFO = YES;
				ONLY_ACTIVE_ARCH = YES;
				SDKROOT = iphoneos;
				SWIFT_ACTIVE_COMPILATION_CONDITIONS = DEBUG;
				SWIFT_OPTIMIZATION_LEVEL = "-Onone";
				TARGETED_DEVICE_FAMILY = "1,2";
			};
			name = Debug;
		};
		CB13E5A51E4120F30020CB32 /* Release */ = {
			isa = XCBuildConfiguration;
			buildSettings = {
				ALWAYS_SEARCH_USER_PATHS = NO;
				CLANG_ANALYZER_NONNULL = YES;
				CLANG_CXX_LANGUAGE_STANDARD = "gnu++0x";
				CLANG_CXX_LIBRARY = "libc++";
				CLANG_ENABLE_MODULES = YES;
				CLANG_ENABLE_OBJC_ARC = YES;
				CLANG_WARN_BOOL_CONVERSION = YES;
				CLANG_WARN_CONSTANT_CONVERSION = YES;
				CLANG_WARN_DIRECT_OBJC_ISA_USAGE = YES_ERROR;
				CLANG_WARN_DOCUMENTATION_COMMENTS = YES;
				CLANG_WARN_EMPTY_BODY = YES;
				CLANG_WARN_ENUM_CONVERSION = YES;
				CLANG_WARN_INFINITE_RECURSION = YES;
				CLANG_WARN_INT_CONVERSION = YES;
				CLANG_WARN_OBJC_ROOT_CLASS = YES_ERROR;
				CLANG_WARN_SUSPICIOUS_MOVE = YES;
				CLANG_WARN_UNREACHABLE_CODE = YES;
				CLANG_WARN__DUPLICATE_METHOD_MATCH = YES;
				"CODE_SIGN_IDENTITY[sdk=iphoneos*]" = "iPhone Developer";
				COPY_PHASE_STRIP = NO;
				DEBUG_INFORMATION_FORMAT = "dwarf-with-dsym";
				ENABLE_NS_ASSERTIONS = NO;
				ENABLE_STRICT_OBJC_MSGSEND = YES;
				GCC_C_LANGUAGE_STANDARD = gnu99;
				GCC_NO_COMMON_BLOCKS = YES;
				GCC_WARN_64_TO_32_BIT_CONVERSION = YES;
				GCC_WARN_ABOUT_RETURN_TYPE = YES_ERROR;
				GCC_WARN_UNDECLARED_SELECTOR = YES;
				GCC_WARN_UNINITIALIZED_AUTOS = YES_AGGRESSIVE;
				GCC_WARN_UNUSED_FUNCTION = YES;
				GCC_WARN_UNUSED_VARIABLE = YES;
				IPHONEOS_DEPLOYMENT_TARGET = 10.2;
				MTL_ENABLE_DEBUG_INFO = NO;
				SDKROOT = iphoneos;
				SWIFT_OPTIMIZATION_LEVEL = "-Owholemodule";
				TARGETED_DEVICE_FAMILY = "1,2";
				VALIDATE_PRODUCT = YES;
			};
			name = Release;
		};
		CB13E5A71E4120F30020CB32 /* Debug */ = {
			isa = XCBuildConfiguration;
			buildSettings = {
				ASSETCATALOG_COMPILER_APPICON_NAME = AppIcon;
				DEVELOPMENT_TEAM = BEJYL7ZK82;
				INFOPLIST_FILE = "Punchcard-Swift-App/Info.plist";
				LD_RUNPATH_SEARCH_PATHS = "$(inherited) @executable_path/Frameworks";
				PRODUCT_BUNDLE_IDENTIFIER = "SuperSloBrothers.Punchcard-Swift-App";
				PRODUCT_NAME = "$(TARGET_NAME)";
				SWIFT_VERSION = 3.0;
			};
			name = Debug;
		};
		CB13E5A81E4120F30020CB32 /* Release */ = {
			isa = XCBuildConfiguration;
			buildSettings = {
				ASSETCATALOG_COMPILER_APPICON_NAME = AppIcon;
				DEVELOPMENT_TEAM = BEJYL7ZK82;
				INFOPLIST_FILE = "Punchcard-Swift-App/Info.plist";
				LD_RUNPATH_SEARCH_PATHS = "$(inherited) @executable_path/Frameworks";
				PRODUCT_BUNDLE_IDENTIFIER = "SuperSloBrothers.Punchcard-Swift-App";
				PRODUCT_NAME = "$(TARGET_NAME)";
				SWIFT_VERSION = 3.0;
			};
			name = Release;
		};
/* End XCBuildConfiguration section */

/* Begin XCConfigurationList section */
		CB13E58F1E4120F30020CB32 /* Build configuration list for PBXProject "Punchcard-Swift-App" */ = {
			isa = XCConfigurationList;
			buildConfigurations = (
				CB13E5A41E4120F30020CB32 /* Debug */,
				CB13E5A51E4120F30020CB32 /* Release */,
			);
			defaultConfigurationIsVisible = 0;
			defaultConfigurationName = Release;
		};
		CB13E5A61E4120F30020CB32 /* Build configuration list for PBXNativeTarget "Punchcard-Swift-App" */ = {
			isa = XCConfigurationList;
			buildConfigurations = (
				CB13E5A71E4120F30020CB32 /* Debug */,
				CB13E5A81E4120F30020CB32 /* Release */,
			);
			defaultConfigurationIsVisible = 0;
		};
/* End XCConfigurationList section */
	};
	rootObject = CB13E58C1E4120F30020CB32 /* Project object */;
}
